
Microsoft Visual Studio Solution File, Format Version 12.00
# Visual Studio Version 17
VisualStudioVersion = 17.3.32825.248
MinimumVisualStudioVersion = 10.0.40219.1
Project("{FAE04EC0-301F-11D3-BF4B-00C04F79EFBC}") = "RouteGuardian", "RouteGuardian\RouteGuardian.csproj", "{F40CEC30-EA3E-4F6D-ACC3-01D8B01BB0A5}"
EndProject
Project("{FAE04EC0-301F-11D3-BF4B-00C04F79EFBC}") = "RouteGuardian.Web", "RouteGuardian.Web\RouteGuardian.Web.csproj", "{9DD30B18-86B4-4CF6-8460-5C4AD9BF259E}"
EndProject
Project("{FAE04EC0-301F-11D3-BF4B-00C04F79EFBC}") = "RouteGuardian.Test", "RouteGuardian.Test\RouteGuardian.Test.csproj", "{4E60188D-10CC-446A-86F6-3735933FFE6E}"
EndProject
Global
	GlobalSection(SolutionConfigurationPlatforms) = preSolution
		Debug|Any CPU = Debug|Any CPU
		Release|Any CPU = Release|Any CPU
	EndGlobalSection
	GlobalSection(ProjectConfigurationPlatforms) = postSolution
		{F40CEC30-EA3E-4F6D-ACC3-01D8B01BB0A5}.Debug|Any CPU.ActiveCfg = Debug|Any CPU
		{F40CEC30-EA3E-4F6D-ACC3-01D8B01BB0A5}.Debug|Any CPU.Build.0 = Debug|Any CPU
		{F40CEC30-EA3E-4F6D-ACC3-01D8B01BB0A5}.Release|Any CPU.ActiveCfg = Release|Any CPU
		{F40CEC30-EA3E-4F6D-ACC3-01D8B01BB0A5}.Release|Any CPU.Build.0 = Release|Any CPU
		{9DD30B18-86B4-4CF6-8460-5C4AD9BF259E}.Debug|Any CPU.ActiveCfg = Debug|Any CPU
		{9DD30B18-86B4-4CF6-8460-5C4AD9BF259E}.Debug|Any CPU.Build.0 = Debug|Any CPU
		{9DD30B18-86B4-4CF6-8460-5C4AD9BF259E}.Release|Any CPU.ActiveCfg = Release|Any CPU
		{9DD30B18-86B4-4CF6-8460-5C4AD9BF259E}.Release|Any CPU.Build.0 = Release|Any CPU
		{4E60188D-10CC-446A-86F6-3735933FFE6E}.Debug|Any CPU.ActiveCfg = Debug|Any CPU
		{4E60188D-10CC-446A-86F6-3735933FFE6E}.Debug|Any CPU.Build.0 = Debug|Any CPU
		{4E60188D-10CC-446A-86F6-3735933FFE6E}.Release|Any CPU.ActiveCfg = Release|Any CPU
		{4E60188D-10CC-446A-86F6-3735933FFE6E}.Release|Any CPU.Build.0 = Release|Any CPU
	EndGlobalSection
	GlobalSection(SolutionProperties) = preSolution
		HideSolutionNode = FALSE
	EndGlobalSection
	GlobalSection(ExtensibilityGlobals) = postSolution
		SolutionGuid = {654859FD-2DF1-421D-AC97-E79D606C09F4}
	EndGlobalSection
EndGlobal
